
Microsoft Visual Studio Solution File, Format Version 12.00
# Visual Studio Version 17
VisualStudioVersion = 17.6.33829.357
MinimumVisualStudioVersion = 10.0.40219.1
Project("{FAE04EC0-301F-11D3-BF4B-00C04F79EFBC}") = "SwapElephant", "SwapElephant.csproj", "{8CF15992-2E9E-450B-9182-BAE8352CEAB4}"
EndProject
Global
	GlobalSection(SolutionConfigurationPlatforms) = preSolution
		Debug|Any CPU = Debug|Any CPU
		Release|Any CPU = Release|Any CPU
	EndGlobalSection
	GlobalSection(ProjectConfigurationPlatforms) = postSolution
		{8CF15992-2E9E-450B-9182-BAE8352CEAB4}.Debug|Any CPU.ActiveCfg = Debug|Any CPU
		{8CF15992-2E9E-450B-9182-BAE8352CEAB4}.Debug|Any CPU.Build.0 = Debug|Any CPU
		{8CF15992-2E9E-450B-9182-BAE8352CEAB4}.Release|Any CPU.ActiveCfg = Release|Any CPU
		{8CF15992-2E9E-450B-9182-BAE8352CEAB4}.Release|Any CPU.Build.0 = Release|Any CPU
	EndGlobalSection
	GlobalSection(SolutionProperties) = preSolution
		HideSolutionNode = FALSE
	EndGlobalSection
	GlobalSection(ExtensibilityGlobals) = postSolution
		SolutionGuid = {DC28C841-E08D-4971-B027-D9A72B493FFE}
	EndGlobalSection
EndGlobal
